
Microsoft Visual Studio Solution File, Format Version 12.00
# Visual Studio Version 16
VisualStudioVersion = 16.0.30804.86
MinimumVisualStudioVersion = 10.0.40219.1
Project("{9A19103F-16F7-4668-BE54-9A1E7A4F7556}") = "Cringe.Web", "Cringe.Web\Cringe.Web.csproj", "{57BC73FF-2858-4502-9676-8B37565DEAD7}"
EndProject
Project("{9A19103F-16F7-4668-BE54-9A1E7A4F7556}") = "Cringe.Bancho", "Cringe.Bancho\Cringe.Bancho.csproj", "{820AE80D-BF9F-4CBB-843E-9CF6F59A84EF}"
EndProject
Project("{9A19103F-16F7-4668-BE54-9A1E7A4F7556}") = "Cringe", "Cringe\Cringe.csproj", "{22E4B6C0-850D-462E-9442-6AD789CEFB5E}"
EndProject
Project("{2150E333-8FDC-42A3-9474-1A3956D46DE8}") = "Solution Items", "Solution Items", "{6DA8CA08-5646-4040-B713-5F100DC68173}"
	ProjectSection(SolutionItems) = preProject
		.editorconfig = .editorconfig
	EndProjectSection
EndProject
Global
	GlobalSection(SolutionConfigurationPlatforms) = preSolution
		Debug|Any CPU = Debug|Any CPU
		Release|Any CPU = Release|Any CPU
	EndGlobalSection
	GlobalSection(ProjectConfigurationPlatforms) = postSolution
		{57BC73FF-2858-4502-9676-8B37565DEAD7}.Debug|Any CPU.ActiveCfg = Debug|Any CPU
		{57BC73FF-2858-4502-9676-8B37565DEAD7}.Debug|Any CPU.Build.0 = Debug|Any CPU
		{57BC73FF-2858-4502-9676-8B37565DEAD7}.Release|Any CPU.ActiveCfg = Release|Any CPU
		{57BC73FF-2858-4502-9676-8B37565DEAD7}.Release|Any CPU.Build.0 = Release|Any CPU
		{820AE80D-BF9F-4CBB-843E-9CF6F59A84EF}.Debug|Any CPU.ActiveCfg = Debug|Any CPU
		{820AE80D-BF9F-4CBB-843E-9CF6F59A84EF}.Debug|Any CPU.Build.0 = Debug|Any CPU
		{820AE80D-BF9F-4CBB-843E-9CF6F59A84EF}.Release|Any CPU.ActiveCfg = Release|Any CPU
		{820AE80D-BF9F-4CBB-843E-9CF6F59A84EF}.Release|Any CPU.Build.0 = Release|Any CPU
		{22E4B6C0-850D-462E-9442-6AD789CEFB5E}.Debug|Any CPU.ActiveCfg = Debug|Any CPU
		{22E4B6C0-850D-462E-9442-6AD789CEFB5E}.Debug|Any CPU.Build.0 = Debug|Any CPU
		{22E4B6C0-850D-462E-9442-6AD789CEFB5E}.Release|Any CPU.ActiveCfg = Release|Any CPU
		{22E4B6C0-850D-462E-9442-6AD789CEFB5E}.Release|Any CPU.Build.0 = Release|Any CPU
	EndGlobalSection
	GlobalSection(SolutionProperties) = preSolution
		HideSolutionNode = FALSE
	EndGlobalSection
	GlobalSection(ExtensibilityGlobals) = postSolution
		SolutionGuid = {A34F1226-84FC-4891-819C-BC9D44C35A7F}
	EndGlobalSection
EndGlobal
